
Microsoft Visual Studio Solution File, Format Version 12.00
# Visual Studio Version 18
VisualStudioVersion = 18.7.11925.98
MinimumVisualStudioVersion = 10.0.40219.1
Project("{2150E333-8FDC-42A3-9474-1A3956D46DE8}") = "src", "src", "{F19B3790-7D1E-49E7-AAE2-F1EC52EF488B}"
EndProject
Project("{2150E333-8FDC-42A3-9474-1A3956D46DE8}") = "tests", "tests", "{49DCEB67-C175-4AA9-91E2-E643CA02E027}"
EndProject
Project("{2150E333-8FDC-42A3-9474-1A3956D46DE8}") = "benchmarks", "benchmarks", "{EEF17BDF-DE34-4D52-8BBF-380F0C818925}"
EndProject
Project("{FAE04EC0-301F-11D3-BF4B-00C04F79EFBC}") = "NoaChess.Core", "src\NoaChess.Core\NoaChess.Core.csproj", "{A3F166A1-ED12-5DF4-3B09-805AEEBB35AE}"
EndProject
Project("{FAE04EC0-301F-11D3-BF4B-00C04F79EFBC}") = "NoaChess.Engine", "src\NoaChess.Engine\NoaChess.Engine.csproj", "{964C0308-28E7-B84D-69C2-E914E559318B}"
EndProject
Project("{FAE04EC0-301F-11D3-BF4B-00C04F79EFBC}") = "NoaChess.UCI", "src\NoaChess.UCI\NoaChess.UCI.csproj", "{0AC6A973-71E4-40C8-BB0F-713A3F9935C7}"
EndProject
Project("{FAE04EC0-301F-11D3-BF4B-00C04F79EFBC}") = "NoaChess.GUI.Wpf", "src\NoaChess.GUI.Wpf\NoaChess.GUI.Wpf.csproj", "{17554D7E-7C9D-4D11-9E05-B05F49A50DDE}"
EndProject
Project("{FAE04EC0-301F-11D3-BF4B-00C04F79EFBC}") = "NoaChess.Core.Tests", "tests\NoaChess.Core.Tests\NoaChess.Core.Tests.csproj", "{0B4AB288-5524-43EB-9C83-20B890C011E0}"
EndProject
Project("{FAE04EC0-301F-11D3-BF4B-00C04F79EFBC}") = "NoaChess.Engine.Tests", "tests\NoaChess.Engine.Tests\NoaChess.Engine.Tests.csproj", "{F13AA906-69FC-43BB-A9CE-C7D79E87E5B8}"
EndProject
Project("{FAE04EC0-301F-11D3-BF4B-00C04F79EFBC}") = "NoaChess.Benchmarks", "benchmarks\NoaChess.Benchmarks\NoaChess.Benchmarks.csproj", "{6F0F6C2F-D0E6-4FAF-88FA-AB3504AA1945}"
EndProject
Project("{2150E333-8FDC-42A3-9474-1A3956D46DE8}") = "tools", "tools", "{07C2787E-EAC7-C090-1BA3-A61EC2A24D84}"
EndProject
Project("{FAE04EC0-301F-11D3-BF4B-00C04F79EFBC}") = "NoaChess.DataGen", "tools\NoaChess.DataGen\NoaChess.DataGen.csproj", "{25C7012F-3104-4802-A7CB-D45FFF84416B}"
EndProject
Global
	GlobalSection(SolutionConfigurationPlatforms) = preSolution
		Debug|Any CPU = Debug|Any CPU
		Debug|x64 = Debug|x64
		Debug|x86 = Debug|x86
		Release|Any CPU = Release|Any CPU
		Release|x64 = Release|x64
		Release|x86 = Release|x86
	EndGlobalSection
	GlobalSection(ProjectConfigurationPlatforms) = postSolution
		{A3F166A1-ED12-5DF4-3B09-805AEEBB35AE}.Debug|Any CPU.ActiveCfg = Debug|Any CPU
		{A3F166A1-ED12-5DF4-3B09-805AEEBB35AE}.Debug|Any CPU.Build.0 = Debug|Any CPU
		{A3F166A1-ED12-5DF4-3B09-805AEEBB35AE}.Debug|x64.ActiveCfg = Debug|Any CPU
		{A3F166A1-ED12-5DF4-3B09-805AEEBB35AE}.Debug|x64.Build.0 = Debug|Any CPU
		{A3F166A1-ED12-5DF4-3B09-805AEEBB35AE}.Debug|x86.ActiveCfg = Debug|Any CPU
		{A3F166A1-ED12-5DF4-3B09-805AEEBB35AE}.Debug|x86.Build.0 = Debug|Any CPU
		{A3F166A1-ED12-5DF4-3B09-805AEEBB35AE}.Release|Any CPU.ActiveCfg = Release|Any CPU
		{A3F166A1-ED12-5DF4-3B09-805AEEBB35AE}.Release|Any CPU.Build.0 = Release|Any CPU
		{A3F166A1-ED12-5DF4-3B09-805AEEBB35AE}.Release|x64.ActiveCfg = Release|Any CPU
		{A3F166A1-ED12-5DF4-3B09-805AEEBB35AE}.Release|x64.Build.0 = Release|Any CPU
		{A3F166A1-ED12-5DF4-3B09-805AEEBB35AE}.Release|x86.ActiveCfg = Release|Any CPU
		{A3F166A1-ED12-5DF4-3B09-805AEEBB35AE}.Release|x86.Build.0 = Release|Any CPU
		{964C0308-28E7-B84D-69C2-E914E559318B}.Debug|Any CPU.ActiveCfg = Debug|Any CPU
		{964C0308-28E7-B84D-69C2-E914E559318B}.Debug|Any CPU.Build.0 = Debug|Any CPU
		{964C0308-28E7-B84D-69C2-E914E559318B}.Debug|x64.ActiveCfg = Debug|Any CPU
		{964C0308-28E7-B84D-69C2-E914E559318B}.Debug|x64.Build.0 = Debug|Any CPU
		{964C0308-28E7-B84D-69C2-E914E559318B}.Debug|x86.ActiveCfg = Debug|Any CPU
		{964C0308-28E7-B84D-69C2-E914E559318B}.Debug|x86.Build.0 = Debug|Any CPU
		{964C0308-28E7-B84D-69C2-E914E559318B}.Release|Any CPU.ActiveCfg = Release|Any CPU
		{964C0308-28E7-B84D-69C2-E914E559318B}.Release|Any CPU.Build.0 = Release|Any CPU
		{964C0308-28E7-B84D-69C2-E914E559318B}.Release|x64.ActiveCfg = Release|Any CPU
		{964C0308-28E7-B84D-69C2-E914E559318B}.Release|x64.Build.0 = Release|Any CPU
		{964C0308-28E7-B84D-69C2-E914E559318B}.Release|x86.ActiveCfg = Release|Any CPU
		{964C0308-28E7-B84D-69C2-E914E559318B}.Release|x86.Build.0 = Release|Any CPU
		{0AC6A973-71E4-40C8-BB0F-713A3F9935C7}.Debug|Any CPU.ActiveCfg = Debug|Any CPU
		{0AC6A973-71E4-40C8-BB0F-713A3F9935C7}.Debug|Any CPU.Build.0 = Debug|Any CPU
		{0AC6A973-71E4-40C8-BB0F-713A3F9935C7}.Debug|x64.ActiveCfg = Debug|Any CPU
		{0AC6A973-71E4-40C8-BB0F-713A3F9935C7}.Debug|x64.Build.0 = Debug|Any CPU
		{0AC6A973-71E4-40C8-BB0F-713A3F9935C7}.Debug|x86.ActiveCfg = Debug|Any CPU
		{0AC6A973-71E4-40C8-BB0F-713A3F9935C7}.Debug|x86.Build.0 = Debug|Any CPU
		{0AC6A973-71E4-40C8-BB0F-713A3F9935C7}.Release|Any CPU.ActiveCfg = Release|Any CPU
		{0AC6A973-71E4-40C8-BB0F-713A3F9935C7}.Release|Any CPU.Build.0 = Release|Any CPU
		{0AC6A973-71E4-40C8-BB0F-713A3F9935C7}.Release|x64.ActiveCfg = Release|Any CPU
		{0AC6A973-71E4-40C8-BB0F-713A3F9935C7}.Release|x64.Build.0 = Release|Any CPU
		{0AC6A973-71E4-40C8-BB0F-713A3F9935C7}.Release|x86.ActiveCfg = Release|Any CPU
		{0AC6A973-71E4-40C8-BB0F-713A3F9935C7}.Release|x86.Build.0 = Release|Any CPU
		{17554D7E-7C9D-4D11-9E05-B05F49A50DDE}.Debug|Any CPU.ActiveCfg = Debug|Any CPU
		{17554D7E-7C9D-4D11-9E05-B05F49A50DDE}.Debug|Any CPU.Build.0 = Debug|Any CPU
		{17554D7E-7C9D-4D11-9E05-B05F49A50DDE}.Debug|x64.ActiveCfg = Debug|Any CPU
		{17554D7E-7C9D-4D11-9E05-B05F49A50DDE}.Debug|x64.Build.0 = Debug|Any CPU
		{17554D7E-7C9D-4D11-9E05-B05F49A50DDE}.Debug|x86.ActiveCfg = Debug|Any CPU
		{17554D7E-7C9D-4D11-9E05-B05F49A50DDE}.Debug|x86.Build.0 = Debug|Any CPU
		{17554D7E-7C9D-4D11-9E05-B05F49A50DDE}.Release|Any CPU.ActiveCfg = Release|Any CPU
		{17554D7E-7C9D-4D11-9E05-B05F49A50DDE}.Release|Any CPU.Build.0 = Release|Any CPU
		{17554D7E-7C9D-4D11-9E05-B05F49A50DDE}.Release|x64.ActiveCfg = Release|Any CPU
		{17554D7E-7C9D-4D11-9E05-B05F49A50DDE}.Release|x64.Build.0 = Release|Any CPU
		{17554D7E-7C9D-4D11-9E05-B05F49A50DDE}.Release|x86.ActiveCfg = Release|Any CPU
		{17554D7E-7C9D-4D11-9E05-B05F49A50DDE}.Release|x86.Build.0 = Release|Any CPU
		{0B4AB288-5524-43EB-9C83-20B890C011E0}.Debug|Any CPU.ActiveCfg = Debug|Any CPU
		{0B4AB288-5524-43EB-9C83-20B890C011E0}.Debug|Any CPU.Build.0 = Debug|Any CPU
		{0B4AB288-5524-43EB-9C83-20B890C011E0}.Debug|x64.ActiveCfg = Debug|Any CPU
		{0B4AB288-5524-43EB-9C83-20B890C011E0}.Debug|x64.Build.0 = Debug|Any CPU
		{0B4AB288-5524-43EB-9C83-20B890C011E0}.Debug|x86.ActiveCfg = Debug|Any CPU
		{0B4AB288-5524-43EB-9C83-20B890C011E0}.Debug|x86.Build.0 = Debug|Any CPU
		{0B4AB288-5524-43EB-9C83-20B890C011E0}.Release|Any CPU.ActiveCfg = Release|Any CPU
		{0B4AB288-5524-43EB-9C83-20B890C011E0}.Release|Any CPU.Build.0 = Release|Any CPU
		{0B4AB288-5524-43EB-9C83-20B890C011E0}.Release|x64.ActiveCfg = Release|Any CPU
		{0B4AB288-5524-43EB-9C83-20B890C011E0}.Release|x64.Build.0 = Release|Any CPU
		{0B4AB288-5524-43EB-9C83-20B890C011E0}.Release|x86.ActiveCfg = Release|Any CPU
		{0B4AB288-5524-43EB-9C83-20B890C011E0}.Release|x86.Build.0 = Release|Any CPU
		{F13AA906-69FC-43BB-A9CE-C7D79E87E5B8}.Debug|Any CPU.ActiveCfg = Debug|Any CPU
		{F13AA906-69FC-43BB-A9CE-C7D79E87E5B8}.Debug|Any CPU.Build.0 = Debug|Any CPU
		{F13AA906-69FC-43BB-A9CE-C7D79E87E5B8}.Debug|x64.ActiveCfg = Debug|Any CPU
		{F13AA906-69FC-43BB-A9CE-C7D79E87E5B8}.Debug|x64.Build.0 = Debug|Any CPU
		{F13AA906-69FC-43BB-A9CE-C7D79E87E5B8}.Debug|x86.ActiveCfg = Debug|Any CPU
		{F13AA906-69FC-43BB-A9CE-C7D79E87E5B8}.Debug|x86.Build.0 = Debug|Any CPU
		{F13AA906-69FC-43BB-A9CE-C7D79E87E5B8}.Release|Any CPU.ActiveCfg = Release|Any CPU
		{F13AA906-69FC-43BB-A9CE-C7D79E87E5B8}.Release|Any CPU.Build.0 = Release|Any CPU
		{F13AA906-69FC-43BB-A9CE-C7D79E87E5B8}.Release|x64.ActiveCfg = Release|Any CPU
		{F13AA906-69FC-43BB-A9CE-C7D79E87E5B8}.Release|x64.Build.0 = Release|Any CPU
		{F13AA906-69FC-43BB-A9CE-C7D79E87E5B8}.Release|x86.ActiveCfg = Release|Any CPU
		{F13AA906-69FC-43BB-A9CE-C7D79E87E5B8}.Release|x86.Build.0 = Release|Any CPU
		{6F0F6C2F-D0E6-4FAF-88FA-AB3504AA1945}.Debug|Any CPU.ActiveCfg = Debug|Any CPU
		{6F0F6C2F-D0E6-4FAF-88FA-AB3504AA1945}.Debug|Any CPU.Build.0 = Debug|Any CPU
		{6F0F6C2F-D0E6-4FAF-88FA-AB3504AA1945}.Debug|x64.ActiveCfg = Debug|Any CPU
		{6F0F6C2F-D0E6-4FAF-88FA-AB3504AA1945}.Debug|x64.Build.0 = Debug|Any CPU
		{6F0F6C2F-D0E6-4FAF-88FA-AB3504AA1945}.Debug|x86.ActiveCfg = Debug|Any CPU
		{6F0F6C2F-D0E6-4FAF-88FA-AB3504AA1945}.Debug|x86.Build.0 = Debug|Any CPU
		{6F0F6C2F-D0E6-4FAF-88FA-AB3504AA1945}.Release|Any CPU.ActiveCfg = Release|Any CPU
		{6F0F6C2F-D0E6-4FAF-88FA-AB3504AA1945}.Release|Any CPU.Build.0 = Release|Any CPU
		{6F0F6C2F-D0E6-4FAF-88FA-AB3504AA1945}.Release|x64.ActiveCfg = Release|Any CPU
		{6F0F6C2F-D0E6-4FAF-88FA-AB3504AA1945}.Release|x64.Build.0 = Release|Any CPU
		{6F0F6C2F-D0E6-4FAF-88FA-AB3504AA1945}.Release|x86.ActiveCfg = Release|Any CPU
		{6F0F6C2F-D0E6-4FAF-88FA-AB3504AA1945}.Release|x86.Build.0 = Release|Any CPU
		{25C7012F-3104-4802-A7CB-D45FFF84416B}.Debug|Any CPU.ActiveCfg = Debug|Any CPU
		{25C7012F-3104-4802-A7CB-D45FFF84416B}.Debug|Any CPU.Build.0 = Debug|Any CPU
		{25C7012F-3104-4802-A7CB-D45FFF84416B}.Debug|x64.ActiveCfg = Debug|Any CPU
		{25C7012F-3104-4802-A7CB-D45FFF84416B}.Debug|x64.Build.0 = Debug|Any CPU
		{25C7012F-3104-4802-A7CB-D45FFF84416B}.Debug|x86.ActiveCfg = Debug|Any CPU
		{25C7012F-3104-4802-A7CB-D45FFF84416B}.Debug|x86.Build.0 = Debug|Any CPU
		{25C7012F-3104-4802-A7CB-D45FFF84416B}.Release|Any CPU.ActiveCfg = Release|Any CPU
		{25C7012F-3104-4802-A7CB-D45FFF84416B}.Release|Any CPU.Build.0 = Release|Any CPU
		{25C7012F-3104-4802-A7CB-D45FFF84416B}.Release|x64.ActiveCfg = Release|Any CPU
		{25C7012F-3104-4802-A7CB-D45FFF84416B}.Release|x64.Build.0 = Release|Any CPU
		{25C7012F-3104-4802-A7CB-D45FFF84416B}.Release|x86.ActiveCfg = Release|Any CPU
		{25C7012F-3104-4802-A7CB-D45FFF84416B}.Release|x86.Build.0 = Release|Any CPU
	EndGlobalSection
	GlobalSection(SolutionProperties) = preSolution
		HideSolutionNode = FALSE
	EndGlobalSection
	GlobalSection(NestedProjects) = preSolution
		{A3F166A1-ED12-5DF4-3B09-805AEEBB35AE} = {F19B3790-7D1E-49E7-AAE2-F1EC52EF488B}
		{964C0308-28E7-B84D-69C2-E914E559318B} = {F19B3790-7D1E-49E7-AAE2-F1EC52EF488B}
		{0AC6A973-71E4-40C8-BB0F-713A3F9935C7} = {F19B3790-7D1E-49E7-AAE2-F1EC52EF488B}
		{17554D7E-7C9D-4D11-9E05-B05F49A50DDE} = {F19B3790-7D1E-49E7-AAE2-F1EC52EF488B}
		{0B4AB288-5524-43EB-9C83-20B890C011E0} = {49DCEB67-C175-4AA9-91E2-E643CA02E027}
		{F13AA906-69FC-43BB-A9CE-C7D79E87E5B8} = {49DCEB67-C175-4AA9-91E2-E643CA02E027}
		{6F0F6C2F-D0E6-4FAF-88FA-AB3504AA1945} = {EEF17BDF-DE34-4D52-8BBF-380F0C818925}
		{25C7012F-3104-4802-A7CB-D45FFF84416B} = {07C2787E-EAC7-C090-1BA3-A61EC2A24D84}
	EndGlobalSection
	GlobalSection(ExtensibilityGlobals) = postSolution
		SolutionGuid = {209F43A0-82E1-4356-A168-FEB3718E77A3}
	EndGlobalSection
EndGlobal
